
Microsoft Visual Studio Solution File, Format Version 12.00
# Visual Studio 15
VisualStudioVersion = 15.0.28307.1401
MinimumVisualStudioVersion = 10.0.40219.1
Project("{FAE04EC0-301F-11D3-BF4B-00C04F79EFBC}") = "ListaFuncionarios", "ListaFuncionarios\ListaFuncionarios.csproj", "{802E486D-AFB6-4A1E-BD74-64E1301564BE}"
EndProject
Project("{FAE04EC0-301F-11D3-BF4B-00C04F79EFBC}") = "ListaFuncionariosBussiness", "ListaFuncionariosBussiness\ListaFuncionariosBussiness.csproj", "{90F97882-26A9-4732-81B6-CE22B71FB815}"
EndProject
Global
	GlobalSection(SolutionConfigurationPlatforms) = preSolution
		Debug|Any CPU = Debug|Any CPU
		Release|Any CPU = Release|Any CPU
	EndGlobalSection
	GlobalSection(ProjectConfigurationPlatforms) = postSolution
		{802E486D-AFB6-4A1E-BD74-64E1301564BE}.Debug|Any CPU.ActiveCfg = Debug|Any CPU
		{802E486D-AFB6-4A1E-BD74-64E1301564BE}.Debug|Any CPU.Build.0 = Debug|Any CPU
		{802E486D-AFB6-4A1E-BD74-64E1301564BE}.Release|Any CPU.ActiveCfg = Release|Any CPU
		{802E486D-AFB6-4A1E-BD74-64E1301564BE}.Release|Any CPU.Build.0 = Release|Any CPU
		{90F97882-26A9-4732-81B6-CE22B71FB815}.Debug|Any CPU.ActiveCfg = Debug|Any CPU
		{90F97882-26A9-4732-81B6-CE22B71FB815}.Debug|Any CPU.Build.0 = Debug|Any CPU
		{90F97882-26A9-4732-81B6-CE22B71FB815}.Release|Any CPU.ActiveCfg = Release|Any CPU
		{90F97882-26A9-4732-81B6-CE22B71FB815}.Release|Any CPU.Build.0 = Release|Any CPU
	EndGlobalSection
	GlobalSection(SolutionProperties) = preSolution
		HideSolutionNode = FALSE
	EndGlobalSection
	GlobalSection(ExtensibilityGlobals) = postSolution
		SolutionGuid = {470D387E-C5D9-4065-B8A0-09E3E08EF28B}
	EndGlobalSection
EndGlobal
